
Microsoft Visual Studio Solution File, Format Version 12.00
# Visual Studio Version 17
VisualStudioVersion = 17.6.33712.159
MinimumVisualStudioVersion = 10.0.40219.1
Project("{9A19103F-16F7-4668-BE54-9A1E7A4F7556}") = "Presentation", "Presentation\Presentation.csproj", "{450A3CBF-93A1-4817-88CE-6A5BC0AA4E51}"
EndProject
Project("{FAE04EC0-301F-11D3-BF4B-00C04F79EFBC}") = "Domain", "Domain\Domain.csproj", "{C3A64AA0-9E91-4693-9D53-EB5A87480A19}"
EndProject
Project("{FAE04EC0-301F-11D3-BF4B-00C04F79EFBC}") = "Data", "Data\Data.csproj", "{F97B249A-1375-442D-86D2-46E41E4F8302}"
EndProject
Global
	GlobalSection(SolutionConfigurationPlatforms) = preSolution
		Debug|Any CPU = Debug|Any CPU
		Release|Any CPU = Release|Any CPU
	EndGlobalSection
	GlobalSection(ProjectConfigurationPlatforms) = postSolution
		{450A3CBF-93A1-4817-88CE-6A5BC0AA4E51}.Debug|Any CPU.ActiveCfg = Debug|Any CPU
		{450A3CBF-93A1-4817-88CE-6A5BC0AA4E51}.Debug|Any CPU.Build.0 = Debug|Any CPU
		{450A3CBF-93A1-4817-88CE-6A5BC0AA4E51}.Release|Any CPU.ActiveCfg = Release|Any CPU
		{450A3CBF-93A1-4817-88CE-6A5BC0AA4E51}.Release|Any CPU.Build.0 = Release|Any CPU
		{C3A64AA0-9E91-4693-9D53-EB5A87480A19}.Debug|Any CPU.ActiveCfg = Debug|Any CPU
		{C3A64AA0-9E91-4693-9D53-EB5A87480A19}.Debug|Any CPU.Build.0 = Debug|Any CPU
		{C3A64AA0-9E91-4693-9D53-EB5A87480A19}.Release|Any CPU.ActiveCfg = Release|Any CPU
		{C3A64AA0-9E91-4693-9D53-EB5A87480A19}.Release|Any CPU.Build.0 = Release|Any CPU
		{F97B249A-1375-442D-86D2-46E41E4F8302}.Debug|Any CPU.ActiveCfg = Debug|Any CPU
		{F97B249A-1375-442D-86D2-46E41E4F8302}.Debug|Any CPU.Build.0 = Debug|Any CPU
		{F97B249A-1375-442D-86D2-46E41E4F8302}.Release|Any CPU.ActiveCfg = Release|Any CPU
		{F97B249A-1375-442D-86D2-46E41E4F8302}.Release|Any CPU.Build.0 = Release|Any CPU
	EndGlobalSection
	GlobalSection(SolutionProperties) = preSolution
		HideSolutionNode = FALSE
	EndGlobalSection
	GlobalSection(ExtensibilityGlobals) = postSolution
		SolutionGuid = {998318EC-C4AD-4146-B46E-104F4CE2485A}
	EndGlobalSection
EndGlobal
